
Microsoft Visual Studio Solution File, Format Version 12.00
# Visual Studio Version 17
VisualStudioVersion = 17.0.31903.59
MinimumVisualStudioVersion = 10.0.40219.1
Project("{FAE04EC0-301F-11D3-BF4B-00C04F79EFBC}") = "ifosup", "ifosup\ifosup.csproj", "{F345CDD8-EB14-400E-81EA-5DB81E2B66CE}"
EndProject
Project("{FAE04EC0-301F-11D3-BF4B-00C04F79EFBC}") = "ifosup.Tests", "ifosup.Tests\ifosup.Tests.csproj", "{FCD93402-B30C-491B-A779-34557655BAC0}"
EndProject
Global
	GlobalSection(SolutionConfigurationPlatforms) = preSolution
		Debug|Any CPU = Debug|Any CPU
		Debug|x64 = Debug|x64
		Debug|x86 = Debug|x86
		Release|Any CPU = Release|Any CPU
		Release|x64 = Release|x64
		Release|x86 = Release|x86
	EndGlobalSection
	GlobalSection(ProjectConfigurationPlatforms) = postSolution
		{F345CDD8-EB14-400E-81EA-5DB81E2B66CE}.Debug|Any CPU.ActiveCfg = Debug|Any CPU
		{F345CDD8-EB14-400E-81EA-5DB81E2B66CE}.Debug|Any CPU.Build.0 = Debug|Any CPU
		{F345CDD8-EB14-400E-81EA-5DB81E2B66CE}.Debug|x64.ActiveCfg = Debug|Any CPU
		{F345CDD8-EB14-400E-81EA-5DB81E2B66CE}.Debug|x64.Build.0 = Debug|Any CPU
		{F345CDD8-EB14-400E-81EA-5DB81E2B66CE}.Debug|x86.ActiveCfg = Debug|Any CPU
		{F345CDD8-EB14-400E-81EA-5DB81E2B66CE}.Debug|x86.Build.0 = Debug|Any CPU
		{F345CDD8-EB14-400E-81EA-5DB81E2B66CE}.Release|Any CPU.ActiveCfg = Release|Any CPU
		{F345CDD8-EB14-400E-81EA-5DB81E2B66CE}.Release|Any CPU.Build.0 = Release|Any CPU
		{F345CDD8-EB14-400E-81EA-5DB81E2B66CE}.Release|x64.ActiveCfg = Release|Any CPU
		{F345CDD8-EB14-400E-81EA-5DB81E2B66CE}.Release|x64.Build.0 = Release|Any CPU
		{F345CDD8-EB14-400E-81EA-5DB81E2B66CE}.Release|x86.ActiveCfg = Release|Any CPU
		{F345CDD8-EB14-400E-81EA-5DB81E2B66CE}.Release|x86.Build.0 = Release|Any CPU
		{FCD93402-B30C-491B-A779-34557655BAC0}.Debug|Any CPU.ActiveCfg = Debug|Any CPU
		{FCD93402-B30C-491B-A779-34557655BAC0}.Debug|Any CPU.Build.0 = Debug|Any CPU
		{FCD93402-B30C-491B-A779-34557655BAC0}.Debug|x64.ActiveCfg = Debug|Any CPU
		{FCD93402-B30C-491B-A779-34557655BAC0}.Debug|x64.Build.0 = Debug|Any CPU
		{FCD93402-B30C-491B-A779-34557655BAC0}.Debug|x86.ActiveCfg = Debug|Any CPU
		{FCD93402-B30C-491B-A779-34557655BAC0}.Debug|x86.Build.0 = Debug|Any CPU
		{FCD93402-B30C-491B-A779-34557655BAC0}.Release|Any CPU.ActiveCfg = Release|Any CPU
		{FCD93402-B30C-491B-A779-34557655BAC0}.Release|Any CPU.Build.0 = Release|Any CPU
		{FCD93402-B30C-491B-A779-34557655BAC0}.Release|x64.ActiveCfg = Release|Any CPU
		{FCD93402-B30C-491B-A779-34557655BAC0}.Release|x64.Build.0 = Release|Any CPU
		{FCD93402-B30C-491B-A779-34557655BAC0}.Release|x86.ActiveCfg = Release|Any CPU
		{FCD93402-B30C-491B-A779-34557655BAC0}.Release|x86.Build.0 = Release|Any CPU
	EndGlobalSection
	GlobalSection(SolutionProperties) = preSolution
		HideSolutionNode = FALSE
	EndGlobalSection
EndGlobal
